
Microsoft Visual Studio Solution File, Format Version 12.00
# Visual Studio Version 17
VisualStudioVersion = 17.7.34024.191
MinimumVisualStudioVersion = 10.0.40219.1
Project("{FAE04EC0-301F-11D3-BF4B-00C04F79EFBC}") = "CSharpRESTBackend", "CSharpRESTBackend.csproj", "{24E41BB4-B7E6-43CE-8C78-38CFD38D1015}"
EndProject
Global
	GlobalSection(SolutionConfigurationPlatforms) = preSolution
		Debug|Any CPU = Debug|Any CPU
		Release|Any CPU = Release|Any CPU
	EndGlobalSection
	GlobalSection(ProjectConfigurationPlatforms) = postSolution
		{24E41BB4-B7E6-43CE-8C78-38CFD38D1015}.Debug|Any CPU.ActiveCfg = Debug|Any CPU
		{24E41BB4-B7E6-43CE-8C78-38CFD38D1015}.Debug|Any CPU.Build.0 = Debug|Any CPU
		{24E41BB4-B7E6-43CE-8C78-38CFD38D1015}.Release|Any CPU.ActiveCfg = Release|Any CPU
		{24E41BB4-B7E6-43CE-8C78-38CFD38D1015}.Release|Any CPU.Build.0 = Release|Any CPU
	EndGlobalSection
	GlobalSection(SolutionProperties) = preSolution
		HideSolutionNode = FALSE
	EndGlobalSection
	GlobalSection(ExtensibilityGlobals) = postSolution
		SolutionGuid = {CA5AF803-866D-4DDC-9132-F63513C8DE09}
	EndGlobalSection
EndGlobal
